{
    "name": "labs-example",
    "version": "1.0.0",
    "lockfileVersion": 3,
    "requires": true,
    "packages": {
        "": {
            "name": "labs-example",
            "version": "1.0.0",
            "dependencies": {
                "labs": "file:.."
            }
        },
        "..": {
            "name": "labs",
            "version": "1.0.0",
            "license": "MIT"
        },
        "node_modules/labs": {
            "resolved": "..",
            "link": true
        }
    }
}
